// !$*UTF8*$!
{
	archiveVersion = 1;
	classes = {
	};
	objectVersion = 56;
	objects = {

/* Begin PBXBuildFile section */
		3D1A2B5C2C8E4D5A00F8E1B7 /* HealthExporterApp.swift in Sources */ = {isa = PBXBuildFile; fileRef = 3D1A2B5B2C8E4D5A00F8E1B7 /* HealthExporterApp.swift */; };
		3D1A2B5E2C8E4D5A00F8E1B7 /* ContentView.swift in Sources */ = {isa = PBXBuildFile; fileRef = 3D1A2B5D2C8E4D5A00F8E1B7 /* ContentView.swift */; };
		3D1A2B602C8E4D5C00F8E1B7 /* Assets.xcassets in Resources */ = {isa = PBXBuildFile; fileRef = 3D1A2B5F2C8E4D5C00F8E1B7 /* Assets.xcassets */; };
		3D1A2B632C8E4D5C00F8E1B7 /* Preview Assets.xcassets in Resources */ = {isa = PBXBuildFile; fileRef = 3D1A2B622C8E4D5C00F8E1B7 /* Preview Assets.xcassets */; };
		3D1A2B6A2C8E4D7000F8E1B7 /* HealthData.swift in Sources */ = {isa = PBXBuildFile; fileRef = 3D1A2B692C8E4D7000F8E1B7 /* HealthData.swift */; };
		3D1A2B6C2C8E4D7500F8E1B7 /* ExportConfiguration.swift in Sources */ = {isa = PBXBuildFile; fileRef = 3D1A2B6B2C8E4D7500F8E1B7 /* ExportConfiguration.swift */; };
		3D1A2B6E2C8E4D7A00F8E1B7 /* SyncState.swift in Sources */ = {isa = PBXBuildFile; fileRef = 3D1A2B6D2C8E4D7A00F8E1B7 /* SyncState.swift */; };
		3D1A2B702C8E4D8000F8E1B7 /* HealthKitService.swift in Sources */ = {isa = PBXBuildFile; fileRef = 3D1A2B6F2C8E4D8000F8E1B7 /* HealthKitService.swift */; };
		3D1A2B722C8E4D8500F8E1B7 /* ExportService.swift in Sources */ = {isa = PBXBuildFile; fileRef = 3D1A2B712C8E4D8500F8E1B7 /* ExportService.swift */; };
		3D1A2B742C8E4D8A00F8E1B7 /* EncryptionService.swift in Sources */ = {isa = PBXBuildFile; fileRef = 3D1A2B732C8E4D8A00F8E1B7 /* EncryptionService.swift */; };
		3D1A2B762C8E4D8F00F8E1B7 /* FileService.swift in Sources */ = {isa = PBXBuildFile; fileRef = 3D1A2B752C8E4D8F00F8E1B7 /* FileService.swift */; };
		3D1A2B782C8E4D9500F8E1B7 /* ProgressView.swift in Sources */ = {isa = PBXBuildFile; fileRef = 3D1A2B772C8E4D9500F8E1B7 /* ProgressView.swift */; };
		3D1A2B7A2C8E4D9A00F8E1B7 /* SettingsView.swift in Sources */ = {isa = PBXBuildFile; fileRef = 3D1A2B792C8E4D9A00F8E1B7 /* SettingsView.swift */; };
		3D1A2B7C2C8E4DA000F8E1B7 /* DateFormatters.swift in Sources */ = {isa = PBXBuildFile; fileRef = 3D1A2B7B2C8E4DA000F8E1B7 /* DateFormatters.swift */; };
		3D1A2B7E2C8E4DA500F8E1B7 /* ErrorHandling.swift in Sources */ = {isa = PBXBuildFile; fileRef = 3D1A2B7D2C8E4DA500F8E1B7 /* ErrorHandling.swift */; };
		3D1A2B812C8E4DBA00F8E1B7 /* AutoExportService.swift in Sources */ = {isa = PBXBuildFile; fileRef = 3D1A2B822C8E4DBA00F8E1B7 /* AutoExportService.swift */; };
		3D1A2B852C8E4DBA00F8E1B7 /* BackgroundTaskInfoView.swift in Sources */ = {isa = PBXBuildFile; fileRef = 3D1A2B842C8E4DBA00F8E1B7 /* BackgroundTaskInfoView.swift */; };
/* End PBXBuildFile section */

/* Begin PBXFileReference section */
		3D1A2B582C8E4D5A00F8E1B7 /* HealthExporter.app */ = {isa = PBXFileReference; explicitFileType = wrapper.application; includeInIndex = 0; path = HealthExporter.app; sourceTree = BUILT_PRODUCTS_DIR; };
		3D1A2B5B2C8E4D5A00F8E1B7 /* HealthExporterApp.swift */ = {isa = PBXFileReference; lastKnownFileType = sourcecode.swift; path = HealthExporterApp.swift; sourceTree = "<group>"; };
		3D1A2B5D2C8E4D5A00F8E1B7 /* ContentView.swift */ = {isa = PBXFileReference; lastKnownFileType = sourcecode.swift; path = ContentView.swift; sourceTree = "<group>"; };
		3D1A2B5F2C8E4D5C00F8E1B7 /* Assets.xcassets */ = {isa = PBXFileReference; lastKnownFileType = folder.assetcatalog; path = Assets.xcassets; sourceTree = "<group>"; };
		3D1A2B622C8E4D5C00F8E1B7 /* Preview Assets.xcassets */ = {isa = PBXFileReference; lastKnownFileType = folder.assetcatalog; path = "Preview Assets.xcassets"; sourceTree = "<group>"; };
		3D1A2B692C8E4D7000F8E1B7 /* HealthData.swift */ = {isa = PBXFileReference; lastKnownFileType = sourcecode.swift; path = HealthData.swift; sourceTree = "<group>"; };
		3D1A2B6B2C8E4D7500F8E1B7 /* ExportConfiguration.swift */ = {isa = PBXFileReference; lastKnownFileType = sourcecode.swift; path = ExportConfiguration.swift; sourceTree = "<group>"; };
		3D1A2B6D2C8E4D7A00F8E1B7 /* SyncState.swift */ = {isa = PBXFileReference; lastKnownFileType = sourcecode.swift; path = SyncState.swift; sourceTree = "<group>"; };
		3D1A2B6F2C8E4D8000F8E1B7 /* HealthKitService.swift */ = {isa = PBXFileReference; lastKnownFileType = sourcecode.swift; path = HealthKitService.swift; sourceTree = "<group>"; };
		3D1A2B712C8E4D8500F8E1B7 /* ExportService.swift */ = {isa = PBXFileReference; lastKnownFileType = sourcecode.swift; path = ExportService.swift; sourceTree = "<group>"; };
		3D1A2B732C8E4D8A00F8E1B7 /* EncryptionService.swift */ = {isa = PBXFileReference; lastKnownFileType = sourcecode.swift; path = EncryptionService.swift; sourceTree = "<group>"; };
		3D1A2B752C8E4D8F00F8E1B7 /* FileService.swift */ = {isa = PBXFileReference; lastKnownFileType = sourcecode.swift; path = FileService.swift; sourceTree = "<group>"; };
		3D1A2B772C8E4D9500F8E1B7 /* ProgressView.swift */ = {isa = PBXFileReference; lastKnownFileType = sourcecode.swift; path = ProgressView.swift; sourceTree = "<group>"; };
		3D1A2B792C8E4D9A00F8E1B7 /* SettingsView.swift */ = {isa = PBXFileReference; lastKnownFileType = sourcecode.swift; path = SettingsView.swift; sourceTree = "<group>"; };
		3D1A2B7B2C8E4DA000F8E1B7 /* DateFormatters.swift */ = {isa = PBXFileReference; lastKnownFileType = sourcecode.swift; path = DateFormatters.swift; sourceTree = "<group>"; };
		3D1A2B7D2C8E4DA500F8E1B7 /* ErrorHandling.swift */ = {isa = PBXFileReference; lastKnownFileType = sourcecode.swift; path = ErrorHandling.swift; sourceTree = "<group>"; };
		3D1A2B7F2C8E4DB000F8E1B7 /* Info.plist */ = {isa = PBXFileReference; lastKnownFileType = text.plist.xml; path = Info.plist; sourceTree = "<group>"; };
		3D1A2B802C8E4DB500F8E1B7 /* HealthExporter.entitlements */ = {isa = PBXFileReference; lastKnownFileType = text.plist.entitlements; path = HealthExporter.entitlements; sourceTree = "<group>"; };
		3D1A2B822C8E4DBA00F8E1B7 /* AutoExportService.swift */ = {isa = PBXFileReference; lastKnownFileType = sourcecode.swift; path = AutoExportService.swift; sourceTree = "<group>"; };
		3D1A2B842C8E4DBA00F8E1B7 /* BackgroundTaskInfoView.swift */ = {isa = PBXFileReference; lastKnownFileType = sourcecode.swift; path = BackgroundTaskInfoView.swift; sourceTree = "<group>"; };
/* End PBXFileReference section */

/* Begin PBXFrameworksBuildPhase section */
		3D1A2B552C8E4D5A00F8E1B7 /* Frameworks */ = {
			isa = PBXFrameworksBuildPhase;
			buildActionMask = 2147483647;
			files = (
			);
			runOnlyForDeploymentPostprocessing = 0;
		};
/* End PBXFrameworksBuildPhase section */

/* Begin PBXGroup section */
		3D1A2B4F2C8E4D5A00F8E1B7 = {
			isa = PBXGroup;
			children = (
				3D1A2B5A2C8E4D5A00F8E1B7 /* HealthExporter */,
				3D1A2B592C8E4D5A00F8E1B7 /* Products */,
			);
			sourceTree = "<group>";
		};
		3D1A2B592C8E4D5A00F8E1B7 /* Products */ = {
			isa = PBXGroup;
			children = (
				3D1A2B582C8E4D5A00F8E1B7 /* HealthExporter.app */,
			);
			name = Products;
			sourceTree = "<group>";
		};
		3D1A2B5A2C8E4D5A00F8E1B7 /* HealthExporter */ = {
			isa = PBXGroup;
			children = (
				3D1A2B7F2C8E4DB000F8E1B7 /* Info.plist */,
				3D1A2B802C8E4DB500F8E1B7 /* HealthExporter.entitlements */,
				3D1A2B5B2C8E4D5A00F8E1B7 /* HealthExporterApp.swift */,
				3D1A2B822C8E4DC500F8E1B7 /* Models */,
				3D1A2B832C8E4DCA00F8E1B7 /* Services */,
				3D1A2B842C8E4DCF00F8E1B7 /* Views */,
				3D1A2B852C8E4DD400F8E1B7 /* Utilities */,
				3D1A2B5F2C8E4D5C00F8E1B7 /* Assets.xcassets */,
				3D1A2B612C8E4D5C00F8E1B7 /* Preview Content */,
			);
			path = HealthExporter;
			sourceTree = "<group>";
		};
		3D1A2B612C8E4D5C00F8E1B7 /* Preview Content */ = {
			isa = PBXGroup;
			children = (
				3D1A2B622C8E4D5C00F8E1B7 /* Preview Assets.xcassets */,
			);
			path = "Preview Content";
			sourceTree = "<group>";
		};
		3D1A2B822C8E4DC500F8E1B7 /* Models */ = {
			isa = PBXGroup;
			children = (
				3D1A2B692C8E4D7000F8E1B7 /* HealthData.swift */,
				3D1A2B6B2C8E4D7500F8E1B7 /* ExportConfiguration.swift */,
				3D1A2B6D2C8E4D7A00F8E1B7 /* SyncState.swift */,
			);
			path = Models;
			sourceTree = "<group>";
		};
		3D1A2B832C8E4DCA00F8E1B7 /* Services */ = {
			isa = PBXGroup;
			children = (
				3D1A2B6F2C8E4D8000F8E1B7 /* HealthKitService.swift */,
				3D1A2B712C8E4D8500F8E1B7 /* ExportService.swift */,
				3D1A2B732C8E4D8A00F8E1B7 /* EncryptionService.swift */,
				3D1A2B752C8E4D8F00F8E1B7 /* FileService.swift */,
				3D1A2B822C8E4DBA00F8E1B7 /* AutoExportService.swift */,
			);
			path = Services;
			sourceTree = "<group>";
		};
		3D1A2B842C8E4DCF00F8E1B7 /* Views */ = {
			isa = PBXGroup;
			children = (
				3D1A2B5D2C8E4D5A00F8E1B7 /* ContentView.swift */,
				3D1A2B772C8E4D9500F8E1B7 /* ProgressView.swift */,
				3D1A2B792C8E4D9A00F8E1B7 /* SettingsView.swift */,
				3D1A2B832C8E4DBA00F8E1B7 /* BackgroundTaskInfoView.swift */,
			);
			path = Views;
			sourceTree = "<group>";
		};
		3D1A2B852C8E4DD400F8E1B7 /* Utilities */ = {
			isa = PBXGroup;
			children = (
				3D1A2B7B2C8E4DA000F8E1B7 /* DateFormatters.swift */,
				3D1A2B7D2C8E4DA500F8E1B7 /* ErrorHandling.swift */,
			);
			path = Utilities;
			sourceTree = "<group>";
		};
/* End PBXGroup section */

/* Begin PBXNativeTarget section */
		3D1A2B572C8E4D5A00F8E1B7 /* HealthExporter */ = {
			isa = PBXNativeTarget;
			buildConfigurationList = 3D1A2B662C8E4D5C00F8E1B7 /* Build configuration list for PBXNativeTarget "HealthExporter" */;
			buildPhases = (
				3D1A2B542C8E4D5A00F8E1B7 /* Sources */,
				3D1A2B552C8E4D5A00F8E1B7 /* Frameworks */,
				3D1A2B562C8E4D5A00F8E1B7 /* Resources */,
			);
			buildRules = (
			);
			dependencies = (
			);
			name = HealthExporter;
			productName = HealthExporter;
			productReference = 3D1A2B582C8E4D5A00F8E1B7 /* HealthExporter.app */;
			productType = "com.apple.product-type.application";
		};
/* End PBXNativeTarget section */

/* Begin PBXProject section */
		3D1A2B502C8E4D5A00F8E1B7 /* Project object */ = {
			isa = PBXProject;
			attributes = {
				BuildIndependentTargetsInParallel = 1;
				LastSwiftUpdateCheck = 1530;
				LastUpgradeCheck = 1640;
				TargetAttributes = {
					3D1A2B572C8E4D5A00F8E1B7 = {
						CreatedOnToolsVersion = 15.3;
					};
				};
			};
			buildConfigurationList = 3D1A2B532C8E4D5A00F8E1B7 /* Build configuration list for PBXProject "HealthExporter" */;
			compatibilityVersion = "Xcode 14.0";
			developmentRegion = en;
			hasScannedForEncodings = 0;
			knownRegions = (
				en,
				Base,
			);
			mainGroup = 3D1A2B4F2C8E4D5A00F8E1B7;
			productRefGroup = 3D1A2B592C8E4D5A00F8E1B7 /* Products */;
			projectDirPath = "";
			projectRoot = "";
			targets = (
				3D1A2B572C8E4D5A00F8E1B7 /* HealthExporter */,
			);
		};
/* End PBXProject section */

/* Begin PBXResourcesBuildPhase section */
		3D1A2B562C8E4D5A00F8E1B7 /* Resources */ = {
			isa = PBXResourcesBuildPhase;
			buildActionMask = 2147483647;
			files = (
				3D1A2B632C8E4D5C00F8E1B7 /* Preview Assets.xcassets in Resources */,
				3D1A2B602C8E4D5C00F8E1B7 /* Assets.xcassets in Resources */,
			);
			runOnlyForDeploymentPostprocessing = 0;
		};
/* End PBXResourcesBuildPhase section */

/* Begin PBXSourcesBuildPhase section */
		3D1A2B542C8E4D5A00F8E1B7 /* Sources */ = {
			isa = PBXSourcesBuildPhase;
			buildActionMask = 2147483647;
			files = (
				3D1A2B7E2C8E4DA500F8E1B7 /* ErrorHandling.swift in Sources */,
				3D1A2B6C2C8E4D7500F8E1B7 /* ExportConfiguration.swift in Sources */,
				3D1A2B762C8E4D8F00F8E1B7 /* FileService.swift in Sources */,
				3D1A2B6E2C8E4D7A00F8E1B7 /* SyncState.swift in Sources */,
				3D1A2B5E2C8E4D5A00F8E1B7 /* ContentView.swift in Sources */,
				3D1A2B7A2C8E4D9A00F8E1B7 /* SettingsView.swift in Sources */,
				3D1A2B6A2C8E4D7000F8E1B7 /* HealthData.swift in Sources */,
				3D1A2B722C8E4D8500F8E1B7 /* ExportService.swift in Sources */,
				3D1A2B782C8E4D9500F8E1B7 /* ProgressView.swift in Sources */,
				3D1A2B742C8E4D8A00F8E1B7 /* EncryptionService.swift in Sources */,
				3D1A2B7C2C8E4DA000F8E1B7 /* DateFormatters.swift in Sources */,
				3D1A2B702C8E4D8000F8E1B7 /* HealthKitService.swift in Sources */,
				3D1A2B5C2C8E4D5A00F8E1B7 /* HealthExporterApp.swift in Sources */,
				3D1A2B812C8E4DBA00F8E1B7 /* AutoExportService.swift in Sources */,
				3D1A2B852C8E4DBA00F8E1B7 /* BackgroundTaskInfoView.swift in Sources */,
			);
			runOnlyForDeploymentPostprocessing = 0;
		};
/* End PBXSourcesBuildPhase section */

/* Begin XCBuildConfiguration section */
		3D1A2B642C8E4D5C00F8E1B7 /* Debug */ = {
			isa = XCBuildConfiguration;
			buildSettings = {
				ALWAYS_SEARCH_USER_PATHS = NO;
				ASSETCATALOG_COMPILER_GENERATE_SWIFT_ASSET_SYMBOL_EXTENSIONS = YES;
				CLANG_ANALYZER_NONNULL = YES;
				CLANG_ANALYZER_NUMBER_OBJECT_CONVERSION = YES_AGGRESSIVE;
				CLANG_CXX_LANGUAGE_STANDARD = "gnu++20";
				CLANG_ENABLE_MODULES = YES;
				CLANG_ENABLE_OBJC_ARC = YES;
				CLANG_ENABLE_OBJC_WEAK = YES;
				CLANG_WARN_BLOCK_CAPTURE_AUTORELEASING = YES;
				CLANG_WARN_BOOL_CONVERSION = YES;
				CLANG_WARN_COMMA = YES;
				CLANG_WARN_CONSTANT_CONVERSION = YES;
				CLANG_WARN_DEPRECATED_OBJC_IMPLEMENTATIONS = YES;
				CLANG_WARN_DIRECT_OBJC_ISA_USAGE = YES_ERROR;
				CLANG_WARN_DOCUMENTATION_COMMENTS = YES;
				CLANG_WARN_EMPTY_BODY = YES;
				CLANG_WARN_ENUM_CONVERSION = YES;
				CLANG_WARN_INFINITE_RECURSION = YES;
				CLANG_WARN_INT_CONVERSION = YES;
				CLANG_WARN_NON_LITERAL_NULL_CONVERSION = YES;
				CLANG_WARN_OBJC_IMPLICIT_RETAIN_SELF = YES;
				CLANG_WARN_OBJC_LITERAL_CONVERSION = YES;
				CLANG_WARN_OBJC_ROOT_CLASS = YES_ERROR;
				CLANG_WARN_QUOTED_INCLUDE_IN_FRAMEWORK_HEADER = YES;
				CLANG_WARN_RANGE_LOOP_ANALYSIS = YES;
				CLANG_WARN_STRICT_PROTOTYPES = YES;
				CLANG_WARN_SUSPICIOUS_MOVE = YES;
				CLANG_WARN_UNGUARDED_AVAILABILITY = YES_AGGRESSIVE;
				CLANG_WARN_UNREACHABLE_CODE = YES;
				CLANG_WARN__DUPLICATE_METHOD_MATCH = YES;
				COPY_PHASE_STRIP = NO;
				DEBUG_INFORMATION_FORMAT = dwarf;
				DEVELOPMENT_TEAM = V97D9YYMJV;
				ENABLE_STRICT_OBJC_MSGSEND = YES;
				ENABLE_TESTABILITY = YES;
				ENABLE_USER_SCRIPT_SANDBOXING = YES;
				GCC_C_LANGUAGE_STANDARD = gnu17;
				GCC_DYNAMIC_NO_PIC = NO;
				GCC_NO_COMMON_BLOCKS = YES;
				GCC_OPTIMIZATION_LEVEL = 0;
				GCC_PREPROCESSOR_DEFINITIONS = (
					"DEBUG=1",
					"$(inherited)",
				);
				GCC_WARN_64_TO_32_BIT_CONVERSION = YES;
				GCC_WARN_ABOUT_RETURN_TYPE = YES_ERROR;
				GCC_WARN_UNDECLARED_SELECTOR = YES;
				GCC_WARN_UNINITIALIZED_AUTOS = YES_AGGRESSIVE;
				GCC_WARN_UNUSED_FUNCTION = YES;
				GCC_WARN_UNUSED_VARIABLE = YES;
				IPHONEOS_DEPLOYMENT_TARGET = 17.0;
				LOCALIZATION_PREFERS_STRING_CATALOGS = YES;
				MTL_ENABLE_DEBUG_INFO = INCLUDE_SOURCE;
				MTL_FAST_MATH = YES;
				ONLY_ACTIVE_ARCH = YES;
				SDKROOT = iphoneos;
				SWIFT_ACTIVE_COMPILATION_CONDITIONS = "DEBUG $(inherited)";
				SWIFT_OPTIMIZATION_LEVEL = "-Onone";
			};
			name = Debug;
		};
		3D1A2B652C8E4D5C00F8E1B7 /* Release */ = {
			isa = XCBuildConfiguration;
			buildSettings = {
				ALWAYS_SEARCH_USER_PATHS = NO;
				ASSETCATALOG_COMPILER_GENERATE_SWIFT_ASSET_SYMBOL_EXTENSIONS = YES;
				CLANG_ANALYZER_NONNULL = YES;
				CLANG_ANALYZER_NUMBER_OBJECT_CONVERSION = YES_AGGRESSIVE;
				CLANG_CXX_LANGUAGE_STANDARD = "gnu++20";
				CLANG_ENABLE_MODULES = YES;
				CLANG_ENABLE_OBJC_ARC = YES;
				CLANG_ENABLE_OBJC_WEAK = YES;
				CLANG_WARN_BLOCK_CAPTURE_AUTORELEASING = YES;
				CLANG_WARN_BOOL_CONVERSION = YES;
				CLANG_WARN_COMMA = YES;
				CLANG_WARN_CONSTANT_CONVERSION = YES;
				CLANG_WARN_DEPRECATED_OBJC_IMPLEMENTATIONS = YES;
				CLANG_WARN_DIRECT_OBJC_ISA_USAGE = YES_ERROR;
				CLANG_WARN_DOCUMENTATION_COMMENTS = YES;
				CLANG_WARN_EMPTY_BODY = YES;
				CLANG_WARN_ENUM_CONVERSION = YES;
				CLANG_WARN_INFINITE_RECURSION = YES;
				CLANG_WARN_INT_CONVERSION = YES;
				CLANG_WARN_NON_LITERAL_NULL_CONVERSION = YES;
				CLANG_WARN_OBJC_IMPLICIT_RETAIN_SELF = YES;
				CLANG_WARN_OBJC_LITERAL_CONVERSION = YES;
				CLANG_WARN_OBJC_ROOT_CLASS = YES_ERROR;
				CLANG_WARN_QUOTED_INCLUDE_IN_FRAMEWORK_HEADER = YES;
				CLANG_WARN_RANGE_LOOP_ANALYSIS = YES;
				CLANG_WARN_STRICT_PROTOTYPES = YES;
				CLANG_WARN_SUSPICIOUS_MOVE = YES;
				CLANG_WARN_UNGUARDED_AVAILABILITY = YES_AGGRESSIVE;
				CLANG_WARN_UNREACHABLE_CODE = YES;
				CLANG_WARN__DUPLICATE_METHOD_MATCH = YES;
				COPY_PHASE_STRIP = NO;
				DEBUG_INFORMATION_FORMAT = "dwarf-with-dsym";
				DEVELOPMENT_TEAM = V97D9YYMJV;
				ENABLE_NS_ASSERTIONS = NO;
				ENABLE_STRICT_OBJC_MSGSEND = YES;
				ENABLE_USER_SCRIPT_SANDBOXING = YES;
				GCC_C_LANGUAGE_STANDARD = gnu17;
				GCC_NO_COMMON_BLOCKS = YES;
				GCC_WARN_64_TO_32_BIT_CONVERSION = YES;
				GCC_WARN_ABOUT_RETURN_TYPE = YES_ERROR;
				GCC_WARN_UNDECLARED_SELECTOR = YES;
				GCC_WARN_UNINITIALIZED_AUTOS = YES_AGGRESSIVE;
				GCC_WARN_UNUSED_FUNCTION = YES;
				GCC_WARN_UNUSED_VARIABLE = YES;
				IPHONEOS_DEPLOYMENT_TARGET = 17.0;
				LOCALIZATION_PREFERS_STRING_CATALOGS = YES;
				MTL_ENABLE_DEBUG_INFO = NO;
				MTL_FAST_MATH = YES;
				SDKROOT = iphoneos;
				SWIFT_COMPILATION_MODE = wholemodule;
				VALIDATE_PRODUCT = YES;
			};
			name = Release;
		};
		3D1A2B672C8E4D5C00F8E1B7 /* Debug */ = {
			isa = XCBuildConfiguration;
			buildSettings = {
				ASSETCATALOG_COMPILER_APPICON_NAME = AppIcon;
				ASSETCATALOG_COMPILER_GLOBAL_ACCENT_COLOR_NAME = AccentColor;
				CODE_SIGN_ENTITLEMENTS = HealthExporter/HealthExporter.entitlements;
				CODE_SIGN_STYLE = Automatic;
				CURRENT_PROJECT_VERSION = 1;
				DEVELOPMENT_ASSET_PATHS = "\"HealthExporter/Preview Content\"";
				DEVELOPMENT_TEAM = 8C482LBWXU;
				ENABLE_PREVIEWS = YES;
				GENERATE_INFOPLIST_FILE = NO;
				INFOPLIST_FILE = HealthExporter/Info.plist;
				INFOPLIST_KEY_CFBundleDisplayName = "Health Exporter";
				INFOPLIST_KEY_LSApplicationCategoryType = "public.app-category.healthcare-fitness";
				INFOPLIST_KEY_UIApplicationSceneManifest_Generation = YES;
				INFOPLIST_KEY_UIApplicationSupportsIndirectInputEvents = YES;
				INFOPLIST_KEY_UILaunchScreen_Generation = YES;
				INFOPLIST_KEY_UISupportedInterfaceOrientations_iPad = "UIInterfaceOrientationPortrait UIInterfaceOrientationPortraitUpsideDown UIInterfaceOrientationLandscapeLeft UIInterfaceOrientationLandscapeRight";
				INFOPLIST_KEY_UISupportedInterfaceOrientations_iPhone = "UIInterfaceOrientationPortrait UIInterfaceOrientationLandscapeLeft UIInterfaceOrientationLandscapeRight";
				LD_RUNPATH_SEARCH_PATHS = (
					"$(inherited)",
					"@executable_path/Frameworks",
				);
				MARKETING_VERSION = 1.0;
				PRODUCT_BUNDLE_IDENTIFIER = com.amnesic.dev.healthexporter;
				PRODUCT_NAME = "$(TARGET_NAME)";
				SUPPORTED_PLATFORMS = "iphoneos iphonesimulator";
				SUPPORTS_MACCATALYST = NO;
				SUPPORTS_MAC_DESIGNED_FOR_IPHONE_IPAD = NO;
				SUPPORTS_XR_DESIGNED_FOR_IPHONE_IPAD = NO;
				SWIFT_EMIT_LOC_STRINGS = YES;
				SWIFT_VERSION = 5.0;
				TARGETED_DEVICE_FAMILY = "1,2";
			};
			name = Debug;
		};
		3D1A2B682C8E4D5C00F8E1B7 /* Release */ = {
			isa = XCBuildConfiguration;
			buildSettings = {
				ASSETCATALOG_COMPILER_APPICON_NAME = AppIcon;
				ASSETCATALOG_COMPILER_GLOBAL_ACCENT_COLOR_NAME = AccentColor;
				CODE_SIGN_ENTITLEMENTS = HealthExporter/HealthExporter.entitlements;
				CODE_SIGN_STYLE = Automatic;
				CURRENT_PROJECT_VERSION = 1;
				DEVELOPMENT_ASSET_PATHS = "\"HealthExporter/Preview Content\"";
				DEVELOPMENT_TEAM = 8C482LBWXU;
				ENABLE_PREVIEWS = YES;
				GENERATE_INFOPLIST_FILE = NO;
				INFOPLIST_FILE = HealthExporter/Info.plist;
				INFOPLIST_KEY_CFBundleDisplayName = "Health Exporter";
				INFOPLIST_KEY_LSApplicationCategoryType = "public.app-category.healthcare-fitness";
				INFOPLIST_KEY_UIApplicationSceneManifest_Generation = YES;
				INFOPLIST_KEY_UIApplicationSupportsIndirectInputEvents = YES;
				INFOPLIST_KEY_UILaunchScreen_Generation = YES;
				INFOPLIST_KEY_UISupportedInterfaceOrientations_iPad = "UIInterfaceOrientationPortrait UIInterfaceOrientationPortraitUpsideDown UIInterfaceOrientationLandscapeLeft UIInterfaceOrientationLandscapeRight";
				INFOPLIST_KEY_UISupportedInterfaceOrientations_iPhone = "UIInterfaceOrientationPortrait UIInterfaceOrientationLandscapeLeft UIInterfaceOrientationLandscapeRight";
				LD_RUNPATH_SEARCH_PATHS = (
					"$(inherited)",
					"@executable_path/Frameworks",
				);
				MARKETING_VERSION = 1.0;
				PRODUCT_BUNDLE_IDENTIFIER = com.amnesic.dev.healthexporter;
				PRODUCT_NAME = "$(TARGET_NAME)";
				SUPPORTED_PLATFORMS = "iphoneos iphonesimulator";
				SUPPORTS_MACCATALYST = NO;
				SUPPORTS_MAC_DESIGNED_FOR_IPHONE_IPAD = NO;
				SUPPORTS_XR_DESIGNED_FOR_IPHONE_IPAD = NO;
				SWIFT_EMIT_LOC_STRINGS = YES;
				SWIFT_VERSION = 5.0;
				TARGETED_DEVICE_FAMILY = "1,2";
			};
			name = Release;
		};
/* End XCBuildConfiguration section */

/* Begin XCConfigurationList section */
		3D1A2B532C8E4D5A00F8E1B7 /* Build configuration list for PBXProject "HealthExporter" */ = {
			isa = XCConfigurationList;
			buildConfigurations = (
				3D1A2B642C8E4D5C00F8E1B7 /* Debug */,
				3D1A2B652C8E4D5C00F8E1B7 /* Release */,
			);
			defaultConfigurationIsVisible = 0;
			defaultConfigurationName = Release;
		};
		3D1A2B662C8E4D5C00F8E1B7 /* Build configuration list for PBXNativeTarget "HealthExporter" */ = {
			isa = XCConfigurationList;
			buildConfigurations = (
				3D1A2B672C8E4D5C00F8E1B7 /* Debug */,
				3D1A2B682C8E4D5C00F8E1B7 /* Release */,
			);
			defaultConfigurationIsVisible = 0;
			defaultConfigurationName = Release;
		};
/* End XCConfigurationList section */
	};
	rootObject = 3D1A2B502C8E4D5A00F8E1B7 /* Project object */;
}
